
Microsoft Visual Studio Solution File, Format Version 12.00
# Visual Studio Version 17
VisualStudioVersion = 17.8.34511.84
MinimumVisualStudioVersion = 10.0.40219.1
Project("{FAE04EC0-301F-11D3-BF4B-00C04F79EFBC}") = "12laba", "12laba\12laba.csproj", "{97B03338-6797-4D7F-B833-A0DC237E68E2}"
EndProject
Project("{2150E333-8FDC-42A3-9474-1A3956D46DE8}") = "Элементы решения", "Элементы решения", "{6F6881F4-0A80-46CC-92C1-F67897D54259}"
EndProject
Global
	GlobalSection(SolutionConfigurationPlatforms) = preSolution
		Debug|Any CPU = Debug|Any CPU
		Release|Any CPU = Release|Any CPU
	EndGlobalSection
	GlobalSection(ProjectConfigurationPlatforms) = postSolution
		{97B03338-6797-4D7F-B833-A0DC237E68E2}.Debug|Any CPU.ActiveCfg = Debug|Any CPU
		{97B03338-6797-4D7F-B833-A0DC237E68E2}.Debug|Any CPU.Build.0 = Debug|Any CPU
		{97B03338-6797-4D7F-B833-A0DC237E68E2}.Release|Any CPU.ActiveCfg = Release|Any CPU
		{97B03338-6797-4D7F-B833-A0DC237E68E2}.Release|Any CPU.Build.0 = Release|Any CPU
	EndGlobalSection
	GlobalSection(SolutionProperties) = preSolution
		HideSolutionNode = FALSE
	EndGlobalSection
	GlobalSection(ExtensibilityGlobals) = postSolution
		SolutionGuid = {FA24FA28-0368-49C4-B74A-54A1D89BD452}
	EndGlobalSection
EndGlobal
